PODS:
  - CYLTabBarController (1.29.2):
    - CYLTabBarController/Core (= 1.29.2)
  - CYLTabBarController/Core (1.29.2)
  - HYAllBase (0.0.1):
    - CYLTabBarController (= 1.29.2)
    - HYBaseUI
    - HYResource
    - HYRouterServiceDefine
    - Localize-Swift
    - MTCategoryComponent/UIKit/UIViewController
    - RxCocoa (= 6.8.0)
    - RxRelay (= 6.8.0)
    - RxSwift (= 6.8.0)
    - SnapKit (= 5.7.1)
    - STComponentTools (= 0.0.5)
    - Then (= 3.0.0)
  - HYBaseUI (0.0.1):
    - CYLTabBarController
    - HYResource
    - Localize-Swift
    - RxCocoa (= 6.8.0)
    - RxRelay (= 6.8.0)
    - RxSwift (= 6.8.0)
    - SnapKit (= 5.7.1)
    - STRxInOutPutProtocol
    - Then (= 3.0.0)
  - HYEYE (0.0.1):
    - IJKMediaFramework
  - HYPlayModule (0.0.1):
    - HYAllBase
    - HYEYE
    - STComponentTools/STRouter
    - STModuleService.swift
  - HYResource (0.0.1):
    - Localize-Swift
  - HYRouterServiceDefine (0.0.1)
  - HYSettingModule (0.0.1):
    - HYAllBase
    - InAppSettingsKit (~> 2.15)
    - STComponentTools/STRouter
    - STModuleService.swift
  - IJKMediaFramework (0.0.3)
  - InAppSettingsKit (2.15)
  - Localize-Swift (3.2.0):
    - Localize-Swift/LocalizeSwiftCore (= 3.2.0)
    - Localize-Swift/UIKit (= 3.2.0)
  - Localize-Swift/LocalizeSwiftCore (3.2.0)
  - Localize-Swift/UIKit (3.2.0):
    - Localize-Swift/LocalizeSwiftCore
  - LookinServer (1.2.8):
    - LookinServer/Core (= 1.2.8)
  - LookinServer/Core (1.2.8)
  - MBProgressHUD (1.2.0)
  - MTCategoryComponent/UIKit/UIColor (1.3.1)
  - MTCategoryComponent/UIKit/UIViewController (1.3.1):
    - MBProgressHUD
    - MTCategoryComponent/UIKit/UIColor
    - Toast
  - RxCocoa (6.8.0):
    - RxRelay (= 6.8.0)
    - RxSwift (= 6.8.0)
  - RxRelay (6.8.0):
    - RxSwift (= 6.8.0)
  - RxSwift (6.8.0)
  - SnapKit (5.7.1)
  - STAnnotation (0.0.1)
  - STComponentTools (0.0.5):
    - STComponentTools/STModuleService (= 0.0.5)
    - STComponentTools/STRouter (= 0.0.5)
  - STComponentTools/STModuleService (0.0.5):
    - STAnnotation
  - STComponentTools/STRouter (0.0.5):
    - STAnnotation
  - STModuleService.swift (0.0.1):
    - STComponentTools/STModuleService
  - STRxInOutPutProtocol (0.0.1):
    - RxSwift
  - Then (3.0.0)
  - Toast (4.1.1)

DEPENDENCIES:
  - HYAllBase (from `../Components/HYAllBase`)
  - HYBaseUI (from `../Components/HYBaseUI`)
  - HYEYE (from `../../HYEYE`)
  - HYPlayModule (from `../Components/HYPlayModule`)
  - HYResource (from `../Components/HYResource`)
  - HYRouterServiceDefine (from `../Components/HYRouterServiceDefine`)
  - HYSettingModule (from `../Components/HYSettingModule`)
  - IJKMediaFramework (= 0.0.3)
  - LookinServer
  - STRxInOutPutProtocol (from `https://github.com/STTechnology5652/STRxInOutPutProtocol.git`, tag `0.0.1`)

SPEC REPOS:
  https://github.com/CocoaPods/Specs.git:
    - CYLTabBarController
    - InAppSettingsKit
    - Localize-Swift
    - LookinServer
    - MBProgressHUD
    - RxCocoa
    - RxRelay
    - RxSwift
    - SnapKit
    - Then
    - Toast
  https://github.com/STTechnology5652/STSpecs.git:
    - IJKMediaFramework
    - MTCategoryComponent
    - STAnnotation
    - STComponentTools
    - STModuleService.swift

EXTERNAL SOURCES:
  HYAllBase:
    :path: "../Components/HYAllBase"
  HYBaseUI:
    :path: "../Components/HYBaseUI"
  HYEYE:
    :path: "../../HYEYE"
  HYPlayModule:
    :path: "../Components/HYPlayModule"
  HYResource:
    :path: "../Components/HYResource"
  HYRouterServiceDefine:
    :path: "../Components/HYRouterServiceDefine"
  HYSettingModule:
    :path: "../Components/HYSettingModule"
  STRxInOutPutProtocol:
    :git: https://github.com/STTechnology5652/STRxInOutPutProtocol.git
    :tag: 0.0.1

CHECKOUT OPTIONS:
  STRxInOutPutProtocol:
    :git: https://github.com/STTechnology5652/STRxInOutPutProtocol.git
    :tag: 0.0.1

SPEC CHECKSUMS:
  CYLTabBarController: db44b5901a28693a8a4279e4721b3aafdd36c178
  HYAllBase: 3f712a38007220abbe5eb634ccf89b1c492a9abb
  HYBaseUI: aca96eba3d38d05b80d11c594e9fdd7419fdfdb1
  HYEYE: 4fc355d43d393cc39005e01b84de9de0f48cb4e6
  HYPlayModule: e26e9de0168f6dfafd58c010ff7bd69b8e5d7b03
  HYResource: 85b8f0b7681420a19a326311106d36fadebf6ee6
  HYRouterServiceDefine: 834fc5e87df8a8663943a9367adb984a4ddb3891
  HYSettingModule: f45d68109f46376960be211ac633f6e92650d285
  IJKMediaFramework: 90e35646188a266b5155269cddabe8af0145f582
  InAppSettingsKit: 4890a44f9df7a1742c632920f0ea939cbeb29ea2
  Localize-Swift: 6f4475136bdb0d7b2882ea3d4ea919d70142b232
  LookinServer: 1b2b61c6402ae29fa22182d48f5cd067b4e99e80
  MBProgressHUD: 3ee5efcc380f6a79a7cc9b363dd669c5e1ae7406
  MTCategoryComponent: d967ec873f31f3a21a8517a21089894cc43f39bb
  RxCocoa: 2d33c1e1e5d66492052ad46b11024ae287572880
  RxRelay: 335c78b926a2aea8d863a6d25f1ed3b5ad8e8705
  RxSwift: 4e28be97cbcfeee614af26d83415febbf2bf6f45
  SnapKit: d612e99e678a2d3b95bf60b0705ed0a35c03484a
  STAnnotation: ea0dcdbf740b57237d29384c521e4887d00031df
  STComponentTools: 7dbbe98f29e4f5826a932213bdc9d6dd1601d344
  STModuleService.swift: 89031936975f616a759d8496e9d9ad757c04fba0
  STRxInOutPutProtocol: 503e63f24b3d1678badf57a9ba72de4e5e0f01c6
  Then: 844265ae87834bbe1147d91d5d41a404da2ec27d
  Toast: 1f5ea13423a1e6674c4abdac5be53587ae481c4e

PODFILE CHECKSUM: 412cf7b58739c02ee0c53aeb7d74d3a38f72795b

COCOAPODS: 1.14.3
